{
  "name": "amnezia-resolver",
  "version": "1.0.0",
  "lockfileVersion": 3,
  "requires": true,
  "packages": {
    "": {
      "name": "amnezia-resolver",
      "version": "1.0.0",
      "license": "ISC",
      "dependencies": {
        "porro": "^2.2.0"
      }
    },
    "node_modules/porro": {
      "version": "2.2.0",
      "resolved": "https://registry.npmjs.org/porro/-/porro-2.2.0.tgz",
      "integrity": "sha512-VgnX4r51Mhz/2ywIkklVcljzx75puW3Lr2xgmNddMt4+ZisyU7q42kmfwBqRGpM9H3HMgiRCOtJvHkI2/bG6cw=="
    }
  }
}
